
Microsoft Visual Studio Solution File, Format Version 12.00
# Visual Studio 15
VisualStudioVersion = 15.0.28307.489
MinimumVisualStudioVersion = 10.0.40219.1
Project("{8BC9CEB8-8B4A-11D0-8D11-00A0C91BC942}") = "ProjetoATAD_1819", "ProjetoATAD_1819\ProjetoATAD_1819.vcxproj", "{0511E1D5-CB77-4E50-B9A9-FF988CA58720}"
EndProject
Global
	GlobalSection(SolutionConfigurationPlatforms) = preSolution
		Debug|x64 = Debug|x64
		Debug|x86 = Debug|x86
		Release|x64 = Release|x64
		Release|x86 = Release|x86
	EndGlobalSection
	GlobalSection(ProjectConfigurationPlatforms) = postSolution
		{0511E1D5-CB77-4E50-B9A9-FF988CA58720}.Debug|x64.ActiveCfg = Debug|x64
		{0511E1D5-CB77-4E50-B9A9-FF988CA58720}.Debug|x64.Build.0 = Debug|x64
		{0511E1D5-CB77-4E50-B9A9-FF988CA58720}.Debug|x86.ActiveCfg = Debug|Win32
		{0511E1D5-CB77-4E50-B9A9-FF988CA58720}.Debug|x86.Build.0 = Debug|Win32
		{0511E1D5-CB77-4E50-B9A9-FF988CA58720}.Release|x64.ActiveCfg = Release|x64
		{0511E1D5-CB77-4E50-B9A9-FF988CA58720}.Release|x64.Build.0 = Release|x64
		{0511E1D5-CB77-4E50-B9A9-FF988CA58720}.Release|x86.ActiveCfg = Release|Win32
		{0511E1D5-CB77-4E50-B9A9-FF988CA58720}.Release|x86.Build.0 = Release|Win32
	EndGlobalSection
	GlobalSection(SolutionProperties) = preSolution
		HideSolutionNode = FALSE
	EndGlobalSection
	GlobalSection(ExtensibilityGlobals) = postSolution
		SolutionGuid = {F94E1849-1159-459C-AA97-E42E345EB5BE}
	EndGlobalSection
EndGlobal
